// !$*UTF8*$!
{
	archiveVersion = 1;
	classes = {
	};
	objectVersion = 77;
	objects = {

/* Begin PBXBuildFile section */
		4BDA6D430A858FFD92C48B14 /* Pods_gourmet_iosTests.framework in Frameworks */ = {isa = PBXBuildFile; fileRef = 5A73D7E60B50D877A9C5F255 /* Pods_gourmet_iosTests.framework */; };
		66B8D48613F2BB98EA09B55D /* Pods_gourmet_ios.framework in Frameworks */ = {isa = PBXBuildFile; fileRef = D87E9EFF6B63F43BBD0298BB /* Pods_gourmet_ios.framework */; };
		A1AFEEF88E12652D94DBBD5E /* Pods_gourmet_ios_gourmet_iosUITests.framework in Frameworks */ = {isa = PBXBuildFile; fileRef = 48EC0FB70CC48CF14BF60D0E /* Pods_gourmet_ios_gourmet_iosUITests.framework */; };
		A846E82F2D9AD2EC000E03DA /* AppDelegate.swift in Sources */ = {isa = PBXBuildFile; fileRef = A846E81C2D9AD2EC000E03DA /* AppDelegate.swift */; };
		A846E8302D9AD2EC000E03DA /* CommunityViewController.swift in Sources */ = {isa = PBXBuildFile; fileRef = A846E81E2D9AD2EC000E03DA /* CommunityViewController.swift */; };
		A846E8312D9AD2EC000E03DA /* CustomTabBar.swift in Sources */ = {isa = PBXBuildFile; fileRef = A846E81F2D9AD2EC000E03DA /* CustomTabBar.swift */; };
		A846E8322D9AD2EC000E03DA /* DietViewController.swift in Sources */ = {isa = PBXBuildFile; fileRef = A846E8202D9AD2EC000E03DA /* DietViewController.swift */; };
		A846E8332D9AD2EC000E03DA /* FoodViewController.swift in Sources */ = {isa = PBXBuildFile; fileRef = A846E8212D9AD2EC000E03DA /* FoodViewController.swift */; };
		A846E8342D9AD2EC000E03DA /* MenuDetailViewController.swift in Sources */ = {isa = PBXBuildFile; fileRef = A846E8272D9AD2EC000E03DA /* MenuDetailViewController.swift */; };
		A846E8352D9AD2EC000E03DA /* NavigationBarView.swift in Sources */ = {isa = PBXBuildFile; fileRef = A846E8282D9AD2EC000E03DA /* NavigationBarView.swift */; };
		A846E8362D9AD2EC000E03DA /* SceneDelegate.swift in Sources */ = {isa = PBXBuildFile; fileRef = A846E8292D9AD2EC000E03DA /* SceneDelegate.swift */; };
		A846E8372D9AD2EC000E03DA /* SideMenuContainerViewController.swift in Sources */ = {isa = PBXBuildFile; fileRef = A846E82A2D9AD2EC000E03DA /* SideMenuContainerViewController.swift */; };
		A846E8382D9AD2EC000E03DA /* SideMenuViewController.swift in Sources */ = {isa = PBXBuildFile; fileRef = A846E82B2D9AD2EC000E03DA /* SideMenuViewController.swift */; };
		A846E8392D9AD2EC000E03DA /* TabBarController.swift in Sources */ = {isa = PBXBuildFile; fileRef = A846E82C2D9AD2EC000E03DA /* TabBarController.swift */; };
		A846E83A2D9AD2EC000E03DA /* ViewController.swift in Sources */ = {isa = PBXBuildFile; fileRef = A846E82D2D9AD2EC000E03DA /* ViewController.swift */; };
		A846E83B2D9AD2EC000E03DA /* Assets.xcassets in Resources */ = {isa = PBXBuildFile; fileRef = A846E81D2D9AD2EC000E03DA /* Assets.xcassets */; };
		A846E83D2D9AD2EC000E03DA /* LaunchScreen.storyboard in Resources */ = {isa = PBXBuildFile; fileRef = A846E8242D9AD2EC000E03DA /* LaunchScreen.storyboard */; };
		A846E83E2D9AD2EC000E03DA /* Main.storyboard in Resources */ = {isa = PBXBuildFile; fileRef = A846E8262D9AD2EC000E03DA /* Main.storyboard */; };
/* End PBXBuildFile section */

/* Begin PBXContainerItemProxy section */
		A8E2ED0E2D98E75D00A3A7C5 /* PBXContainerItemProxy */ = {
			isa = PBXContainerItemProxy;
			containerPortal = A8E2ECEF2D98E75B00A3A7C5 /* Project object */;
			proxyType = 1;
			remoteGlobalIDString = A8E2ECF62D98E75B00A3A7C5;
			remoteInfo = "gourmet-ios";
		};
		A8E2ED182D98E75D00A3A7C5 /* PBXContainerItemProxy */ = {
			isa = PBXContainerItemProxy;
			containerPortal = A8E2ECEF2D98E75B00A3A7C5 /* Project object */;
			proxyType = 1;
			remoteGlobalIDString = A8E2ECF62D98E75B00A3A7C5;
			remoteInfo = "gourmet-ios";
		};
/* End PBXContainerItemProxy section */

/* Begin PBXFileReference section */
		0AA48ECBF2EE2BBA446F4F54 /* Pods-gourmet-iosTests.release.xcconfig */ = {isa = PBXFileReference; includeInIndex = 1; lastKnownFileType = text.xcconfig; name = "Pods-gourmet-iosTests.release.xcconfig"; path = "Target Support Files/Pods-gourmet-iosTests/Pods-gourmet-iosTests.release.xcconfig"; sourceTree = "<group>"; };
		1219D34CE54CE5555ABE82EE /* Pods-gourmet-ios-gourmet-iosUITests.debug.xcconfig */ = {isa = PBXFileReference; includeInIndex = 1; lastKnownFileType = text.xcconfig; name = "Pods-gourmet-ios-gourmet-iosUITests.debug.xcconfig"; path = "Target Support Files/Pods-gourmet-ios-gourmet-iosUITests/Pods-gourmet-ios-gourmet-iosUITests.debug.xcconfig"; sourceTree = "<group>"; };
		2A80B2C87EA7FA3A4C7EC6DF /* Pods-gourmet-iosTests.debug.xcconfig */ = {isa = PBXFileReference; includeInIndex = 1; lastKnownFileType = text.xcconfig; name = "Pods-gourmet-iosTests.debug.xcconfig"; path = "Target Support Files/Pods-gourmet-iosTests/Pods-gourmet-iosTests.debug.xcconfig"; sourceTree = "<group>"; };
		48EC0FB70CC48CF14BF60D0E /* Pods_gourmet_ios_gourmet_iosUITests.framework */ = {isa = PBXFileReference; explicitFileType = wrapper.framework; includeInIndex = 0; path = Pods_gourmet_ios_gourmet_iosUITests.framework; sourceTree = BUILT_PRODUCTS_DIR; };
		5A73D7E60B50D877A9C5F255 /* Pods_gourmet_iosTests.framework */ = {isa = PBXFileReference; explicitFileType = wrapper.framework; includeInIndex = 0; path = Pods_gourmet_iosTests.framework; sourceTree = BUILT_PRODUCTS_DIR; };
		653395DA3EC0679E20E8EE89 /* Pods-gourmet-ios.debug.xcconfig */ = {isa = PBXFileReference; includeInIndex = 1; lastKnownFileType = text.xcconfig; name = "Pods-gourmet-ios.debug.xcconfig"; path = "Target Support Files/Pods-gourmet-ios/Pods-gourmet-ios.debug.xcconfig"; sourceTree = "<group>"; };
		A02880C439C5CDB28C95F8A6 /* Pods-gourmet-ios-gourmet-iosUITests.release.xcconfig */ = {isa = PBXFileReference; includeInIndex = 1; lastKnownFileType = text.xcconfig; name = "Pods-gourmet-ios-gourmet-iosUITests.release.xcconfig"; path = "Target Support Files/Pods-gourmet-ios-gourmet-iosUITests/Pods-gourmet-ios-gourmet-iosUITests.release.xcconfig"; sourceTree = "<group>"; };
		A846E81C2D9AD2EC000E03DA /* AppDelegate.swift */ = {isa = PBXFileReference; lastKnownFileType = sourcecode.swift; path = AppDelegate.swift; sourceTree = "<group>"; };
		A846E81D2D9AD2EC000E03DA /* Assets.xcassets */ = {isa = PBXFileReference; lastKnownFileType = folder.assetcatalog; path = Assets.xcassets; sourceTree = "<group>"; };
		A846E81E2D9AD2EC000E03DA /* CommunityViewController.swift */ = {isa = PBXFileReference; lastKnownFileType = sourcecode.swift; path = CommunityViewController.swift; sourceTree = "<group>"; };
		A846E81F2D9AD2EC000E03DA /* CustomTabBar.swift */ = {isa = PBXFileReference; lastKnownFileType = sourcecode.swift; path = CustomTabBar.swift; sourceTree = "<group>"; };
		A846E8202D9AD2EC000E03DA /* DietViewController.swift */ = {isa = PBXFileReference; lastKnownFileType = sourcecode.swift; path = DietViewController.swift; sourceTree = "<group>"; };
		A846E8212D9AD2EC000E03DA /* FoodViewController.swift */ = {isa = PBXFileReference; lastKnownFileType = sourcecode.swift; path = FoodViewController.swift; sourceTree = "<group>"; };
		A846E8222D9AD2EC000E03DA /* Info.plist */ = {isa = PBXFileReference; lastKnownFileType = text.plist.xml; path = Info.plist; sourceTree = "<group>"; };
		A846E8232D9AD2EC000E03DA /* Base */ = {isa = PBXFileReference; lastKnownFileType = file.storyboard; name = Base; path = Base.lproj/LaunchScreen.storyboard; sourceTree = "<group>"; };
		A846E8252D9AD2EC000E03DA /* Base */ = {isa = PBXFileReference; lastKnownFileType = file.storyboard; name = Base; path = Base.lproj/Main.storyboard; sourceTree = "<group>"; };
		A846E8272D9AD2EC000E03DA /* MenuDetailViewController.swift */ = {isa = PBXFileReference; lastKnownFileType = sourcecode.swift; path = MenuDetailViewController.swift; sourceTree = "<group>"; };
		A846E8282D9AD2EC000E03DA /* NavigationBarView.swift */ = {isa = PBXFileReference; lastKnownFileType = sourcecode.swift; path = NavigationBarView.swift; sourceTree = "<group>"; };
		A846E8292D9AD2EC000E03DA /* SceneDelegate.swift */ = {isa = PBXFileReference; lastKnownFileType = sourcecode.swift; path = SceneDelegate.swift; sourceTree = "<group>"; };
		A846E82A2D9AD2EC000E03DA /* SideMenuContainerViewController.swift */ = {isa = PBXFileReference; lastKnownFileType = sourcecode.swift; path = SideMenuContainerViewController.swift; sourceTree = "<group>"; };
		A846E82B2D9AD2EC000E03DA /* SideMenuViewController.swift */ = {isa = PBXFileReference; lastKnownFileType = sourcecode.swift; path = SideMenuViewController.swift; sourceTree = "<group>"; };
		A846E82C2D9AD2EC000E03DA /* TabBarController.swift */ = {isa = PBXFileReference; lastKnownFileType = sourcecode.swift; path = TabBarController.swift; sourceTree = "<group>"; };
		A846E82D2D9AD2EC000E03DA /* ViewController.swift */ = {isa = PBXFileReference; lastKnownFileType = sourcecode.swift; path = ViewController.swift; sourceTree = "<group>"; };
		A8E2ECF72D98E75B00A3A7C5 /* gourmet-ios.app */ = {isa = PBXFileReference; explicitFileType = wrapper.application; includeInIndex = 0; path = "gourmet-ios.app"; sourceTree = BUILT_PRODUCTS_DIR; };
		A8E2ED0D2D98E75D00A3A7C5 /* gourmet-iosTests.xctest */ = {isa = PBXFileReference; explicitFileType = wrapper.cfbundle; includeInIndex = 0; path = "gourmet-iosTests.xctest"; sourceTree = BUILT_PRODUCTS_DIR; };
		A8E2ED172D98E75D00A3A7C5 /* gourmet-iosUITests.xctest */ = {isa = PBXFileReference; explicitFileType = wrapper.cfbundle; includeInIndex = 0; path = "gourmet-iosUITests.xctest"; sourceTree = BUILT_PRODUCTS_DIR; };
		C9E8093B2968AFABA5C9969F /* Pods-gourmet-ios.release.xcconfig */ = {isa = PBXFileReference; includeInIndex = 1; lastKnownFileType = text.xcconfig; name = "Pods-gourmet-ios.release.xcconfig"; path = "Target Support Files/Pods-gourmet-ios/Pods-gourmet-ios.release.xcconfig"; sourceTree = "<group>"; };
		D87E9EFF6B63F43BBD0298BB /* Pods_gourmet_ios.framework */ = {isa = PBXFileReference; explicitFileType = wrapper.framework; includeInIndex = 0; path = Pods_gourmet_ios.framework; sourceTree = BUILT_PRODUCTS_DIR; };
/* End PBXFileReference section */

/* Begin PBXFileSystemSynchronizedRootGroup section */
		A8E2ED102D98E75D00A3A7C5 /* gourmet-iosTests */ = {
			isa = PBXFileSystemSynchronizedRootGroup;
			path = "gourmet-iosTests";
			sourceTree = "<group>";
		};
		A8E2ED1A2D98E75D00A3A7C5 /* gourmet-iosUITests */ = {
			isa = PBXFileSystemSynchronizedRootGroup;
			path = "gourmet-iosUITests";
			sourceTree = "<group>";
		};
/* End PBXFileSystemSynchronizedRootGroup section */

/* Begin PBXFrameworksBuildPhase section */
		A8E2ECF42D98E75B00A3A7C5 /* Frameworks */ = {
			isa = PBXFrameworksBuildPhase;
			buildActionMask = 2147483647;
			files = (
				66B8D48613F2BB98EA09B55D /* Pods_gourmet_ios.framework in Frameworks */,
			);
			runOnlyForDeploymentPostprocessing = 0;
		};
		A8E2ED0A2D98E75D00A3A7C5 /* Frameworks */ = {
			isa = PBXFrameworksBuildPhase;
			buildActionMask = 2147483647;
			files = (
				4BDA6D430A858FFD92C48B14 /* Pods_gourmet_iosTests.framework in Frameworks */,
			);
			runOnlyForDeploymentPostprocessing = 0;
		};
		A8E2ED142D98E75D00A3A7C5 /* Frameworks */ = {
			isa = PBXFrameworksBuildPhase;
			buildActionMask = 2147483647;
			files = (
				A1AFEEF88E12652D94DBBD5E /* Pods_gourmet_ios_gourmet_iosUITests.framework in Frameworks */,
			);
			runOnlyForDeploymentPostprocessing = 0;
		};
/* End PBXFrameworksBuildPhase section */

/* Begin PBXGroup section */
		15DCA2D2F14F8AE50AA077D6 /* Pods */ = {
			isa = PBXGroup;
			children = (
				653395DA3EC0679E20E8EE89 /* Pods-gourmet-ios.debug.xcconfig */,
				C9E8093B2968AFABA5C9969F /* Pods-gourmet-ios.release.xcconfig */,
				1219D34CE54CE5555ABE82EE /* Pods-gourmet-ios-gourmet-iosUITests.debug.xcconfig */,
				A02880C439C5CDB28C95F8A6 /* Pods-gourmet-ios-gourmet-iosUITests.release.xcconfig */,
				2A80B2C87EA7FA3A4C7EC6DF /* Pods-gourmet-iosTests.debug.xcconfig */,
				0AA48ECBF2EE2BBA446F4F54 /* Pods-gourmet-iosTests.release.xcconfig */,
			);
			path = Pods;
			sourceTree = "<group>";
		};
		98A81BE174062EED83362F81 /* Frameworks */ = {
			isa = PBXGroup;
			children = (
				D87E9EFF6B63F43BBD0298BB /* Pods_gourmet_ios.framework */,
				48EC0FB70CC48CF14BF60D0E /* Pods_gourmet_ios_gourmet_iosUITests.framework */,
				5A73D7E60B50D877A9C5F255 /* Pods_gourmet_iosTests.framework */,
			);
			name = Frameworks;
			sourceTree = "<group>";
		};
		A846E82E2D9AD2EC000E03DA /* gourmet-ios */ = {
			isa = PBXGroup;
			children = (
				A846E81C2D9AD2EC000E03DA /* AppDelegate.swift */,
				A846E81D2D9AD2EC000E03DA /* Assets.xcassets */,
				A846E81E2D9AD2EC000E03DA /* CommunityViewController.swift */,
				A846E81F2D9AD2EC000E03DA /* CustomTabBar.swift */,
				A846E8202D9AD2EC000E03DA /* DietViewController.swift */,
				A846E8212D9AD2EC000E03DA /* FoodViewController.swift */,
				A846E8222D9AD2EC000E03DA /* Info.plist */,
				A846E8242D9AD2EC000E03DA /* LaunchScreen.storyboard */,
				A846E8262D9AD2EC000E03DA /* Main.storyboard */,
				A846E8272D9AD2EC000E03DA /* MenuDetailViewController.swift */,
				A846E8282D9AD2EC000E03DA /* NavigationBarView.swift */,
				A846E8292D9AD2EC000E03DA /* SceneDelegate.swift */,
				A846E82A2D9AD2EC000E03DA /* SideMenuContainerViewController.swift */,
				A846E82B2D9AD2EC000E03DA /* SideMenuViewController.swift */,
				A846E82C2D9AD2EC000E03DA /* TabBarController.swift */,
				A846E82D2D9AD2EC000E03DA /* ViewController.swift */,
			);
			path = "gourmet-ios";
			sourceTree = "<group>";
		};
		A8E2ECEE2D98E75B00A3A7C5 = {
			isa = PBXGroup;
			children = (
				A846E82E2D9AD2EC000E03DA /* gourmet-ios */,
				A8E2ED102D98E75D00A3A7C5 /* gourmet-iosTests */,
				A8E2ED1A2D98E75D00A3A7C5 /* gourmet-iosUITests */,
				A8E2ECF82D98E75B00A3A7C5 /* Products */,
				15DCA2D2F14F8AE50AA077D6 /* Pods */,
				98A81BE174062EED83362F81 /* Frameworks */,
			);
			sourceTree = "<group>";
		};
		A8E2ECF82D98E75B00A3A7C5 /* Products */ = {
			isa = PBXGroup;
			children = (
				A8E2ECF72D98E75B00A3A7C5 /* gourmet-ios.app */,
				A8E2ED0D2D98E75D00A3A7C5 /* gourmet-iosTests.xctest */,
				A8E2ED172D98E75D00A3A7C5 /* gourmet-iosUITests.xctest */,
			);
			name = Products;
			sourceTree = "<group>";
		};
/* End PBXGroup section */

/* Begin PBXNativeTarget section */
		A8E2ECF62D98E75B00A3A7C5 /* gourmet-ios */ = {
			isa = PBXNativeTarget;
			buildConfigurationList = A8E2ED202D98E75D00A3A7C5 /* Build configuration list for PBXNativeTarget "gourmet-ios" */;
			buildPhases = (
				17F480C013FD3D3522A59D21 /* [CP] Check Pods Manifest.lock */,
				A8E2ECF32D98E75B00A3A7C5 /* Sources */,
				A8E2ECF42D98E75B00A3A7C5 /* Frameworks */,
				A8E2ECF52D98E75B00A3A7C5 /* Resources */,
				18C303D4D7417CB225FF7CDE /* [CP] Copy Pods Resources */,
			);
			buildRules = (
			);
			dependencies = (
			);
			name = "gourmet-ios";
			productName = "gourmet-ios";
			productReference = A8E2ECF72D98E75B00A3A7C5 /* gourmet-ios.app */;
			productType = "com.apple.product-type.application";
		};
		A8E2ED0C2D98E75D00A3A7C5 /* gourmet-iosTests */ = {
			isa = PBXNativeTarget;
			buildConfigurationList = A8E2ED252D98E75D00A3A7C5 /* Build configuration list for PBXNativeTarget "gourmet-iosTests" */;
			buildPhases = (
				72D5098A2E646A3E8D566F30 /* [CP] Check Pods Manifest.lock */,
				A8E2ED092D98E75D00A3A7C5 /* Sources */,
				A8E2ED0A2D98E75D00A3A7C5 /* Frameworks */,
				A8E2ED0B2D98E75D00A3A7C5 /* Resources */,
			);
			buildRules = (
			);
			dependencies = (
				A8E2ED0F2D98E75D00A3A7C5 /* PBXTargetDependency */,
			);
			fileSystemSynchronizedGroups = (
				A8E2ED102D98E75D00A3A7C5 /* gourmet-iosTests */,
			);
			name = "gourmet-iosTests";
			productName = "gourmet-iosTests";
			productReference = A8E2ED0D2D98E75D00A3A7C5 /* gourmet-iosTests.xctest */;
			productType = "com.apple.product-type.bundle.unit-test";
		};
		A8E2ED162D98E75D00A3A7C5 /* gourmet-iosUITests */ = {
			isa = PBXNativeTarget;
			buildConfigurationList = A8E2ED282D98E75D00A3A7C5 /* Build configuration list for PBXNativeTarget "gourmet-iosUITests" */;
			buildPhases = (
				18255CF1DE7A6F31AB147F74 /* [CP] Check Pods Manifest.lock */,
				A8E2ED132D98E75D00A3A7C5 /* Sources */,
				A8E2ED142D98E75D00A3A7C5 /* Frameworks */,
				A8E2ED152D98E75D00A3A7C5 /* Resources */,
				B20D9BB52548F3EA8722AEC0 /* [CP] Copy Pods Resources */,
			);
			buildRules = (
			);
			dependencies = (
				A8E2ED192D98E75D00A3A7C5 /* PBXTargetDependency */,
			);
			fileSystemSynchronizedGroups = (
				A8E2ED1A2D98E75D00A3A7C5 /* gourmet-iosUITests */,
			);
			name = "gourmet-iosUITests";
			productName = "gourmet-iosUITests";
			productReference = A8E2ED172D98E75D00A3A7C5 /* gourmet-iosUITests.xctest */;
			productType = "com.apple.product-type.bundle.ui-testing";
		};
/* End PBXNativeTarget section */

/* Begin PBXProject section */
		A8E2ECEF2D98E75B00A3A7C5 /* Project object */ = {
			isa = PBXProject;
			attributes = {
				BuildIndependentTargetsInParallel = 1;
				LastSwiftUpdateCheck = 1610;
				LastUpgradeCheck = 1610;
				TargetAttributes = {
					A8E2ECF62D98E75B00A3A7C5 = {
						CreatedOnToolsVersion = 16.1;
					};
					A8E2ED0C2D98E75D00A3A7C5 = {
						CreatedOnToolsVersion = 16.1;
						TestTargetID = A8E2ECF62D98E75B00A3A7C5;
					};
					A8E2ED162D98E75D00A3A7C5 = {
						CreatedOnToolsVersion = 16.1;
						TestTargetID = A8E2ECF62D98E75B00A3A7C5;
					};
				};
			};
			buildConfigurationList = A8E2ECF22D98E75B00A3A7C5 /* Build configuration list for PBXProject "gourmet-ios" */;
			developmentRegion = en;
			hasScannedForEncodings = 0;
			knownRegions = (
				en,
				Base,
			);
			mainGroup = A8E2ECEE2D98E75B00A3A7C5;
			minimizedProjectReferenceProxies = 1;
			preferredProjectObjectVersion = 77;
			productRefGroup = A8E2ECF82D98E75B00A3A7C5 /* Products */;
			projectDirPath = "";
			projectRoot = "";
			targets = (
				A8E2ECF62D98E75B00A3A7C5 /* gourmet-ios */,
				A8E2ED0C2D98E75D00A3A7C5 /* gourmet-iosTests */,
				A8E2ED162D98E75D00A3A7C5 /* gourmet-iosUITests */,
			);
		};
/* End PBXProject section */

/* Begin PBXResourcesBuildPhase section */
		A8E2ECF52D98E75B00A3A7C5 /* Resources */ = {
			isa = PBXResourcesBuildPhase;
			buildActionMask = 2147483647;
			files = (
				A846E83B2D9AD2EC000E03DA /* Assets.xcassets in Resources */,
				A846E83D2D9AD2EC000E03DA /* LaunchScreen.storyboard in Resources */,
				A846E83E2D9AD2EC000E03DA /* Main.storyboard in Resources */,
			);
			runOnlyForDeploymentPostprocessing = 0;
		};
		A8E2ED0B2D98E75D00A3A7C5 /* Resources */ = {
			isa = PBXResourcesBuildPhase;
			buildActionMask = 2147483647;
			files = (
			);
			runOnlyForDeploymentPostprocessing = 0;
		};
		A8E2ED152D98E75D00A3A7C5 /* Resources */ = {
			isa = PBXResourcesBuildPhase;
			buildActionMask = 2147483647;
			files = (
			);
			runOnlyForDeploymentPostprocessing = 0;
		};
/* End PBXResourcesBuildPhase section */

/* Begin PBXShellScriptBuildPhase section */
		17F480C013FD3D3522A59D21 /* [CP] Check Pods Manifest.lock */ = {
			isa = PBXShellScriptBuildPhase;
			buildActionMask = 2147483647;
			files = (
			);
			inputFileListPaths = (
			);
			inputPaths = (
				"${PODS_PODFILE_DIR_PATH}/Podfile.lock",
				"${PODS_ROOT}/Manifest.lock",
			);
			name = "[CP] Check Pods Manifest.lock";
			outputFileListPaths = (
			);
			outputPaths = (
				"$(DERIVED_FILE_DIR)/Pods-gourmet-ios-checkManifestLockResult.txt",
			);
			runOnlyForDeploymentPostprocessing = 0;
			shellPath = /bin/sh;
			shellScript = "diff \"${PODS_PODFILE_DIR_PATH}/Podfile.lock\" \"${PODS_ROOT}/Manifest.lock\" > /dev/null\nif [ $? != 0 ] ; then\n    # print error to STDERR\n    echo \"error: The sandbox is not in sync with the Podfile.lock. Run 'pod install' or update your CocoaPods installation.\" >&2\n    exit 1\nfi\n# This output is used by Xcode 'outputs' to avoid re-running this script phase.\necho \"SUCCESS\" > \"${SCRIPT_OUTPUT_FILE_0}\"\n";
			showEnvVarsInLog = 0;
		};
		18255CF1DE7A6F31AB147F74 /* [CP] Check Pods Manifest.lock */ = {
			isa = PBXShellScriptBuildPhase;
			buildActionMask = 2147483647;
			files = (
			);
			inputFileListPaths = (
			);
			inputPaths = (
				"${PODS_PODFILE_DIR_PATH}/Podfile.lock",
				"${PODS_ROOT}/Manifest.lock",
			);
			name = "[CP] Check Pods Manifest.lock";
			outputFileListPaths = (
			);
			outputPaths = (
				"$(DERIVED_FILE_DIR)/Pods-gourmet-ios-gourmet-iosUITests-checkManifestLockResult.txt",
			);
			runOnlyForDeploymentPostprocessing = 0;
			shellPath = /bin/sh;
			shellScript = "diff \"${PODS_PODFILE_DIR_PATH}/Podfile.lock\" \"${PODS_ROOT}/Manifest.lock\" > /dev/null\nif [ $? != 0 ] ; then\n    # print error to STDERR\n    echo \"error: The sandbox is not in sync with the Podfile.lock. Run 'pod install' or update your CocoaPods installation.\" >&2\n    exit 1\nfi\n# This output is used by Xcode 'outputs' to avoid re-running this script phase.\necho \"SUCCESS\" > \"${SCRIPT_OUTPUT_FILE_0}\"\n";
			showEnvVarsInLog = 0;
		};
		18C303D4D7417CB225FF7CDE /* [CP] Copy Pods Resources */ = {
			isa = PBXShellScriptBuildPhase;
			buildActionMask = 2147483647;
			files = (
			);
			inputFileListPaths = (
			);
			name = "[CP] Copy Pods Resources";
			outputFileListPaths = (
			);
			runOnlyForDeploymentPostprocessing = 0;
			shellPath = /bin/sh;
			shellScript = "\"${PODS_ROOT}/Target Support Files/Pods-gourmet-ios/Pods-gourmet-ios-resources.sh\"\n";
			showEnvVarsInLog = 0;
		};
		72D5098A2E646A3E8D566F30 /* [CP] Check Pods Manifest.lock */ = {
			isa = PBXShellScriptBuildPhase;
			buildActionMask = 2147483647;
			files = (
			);
			inputFileListPaths = (
			);
			inputPaths = (
				"${PODS_PODFILE_DIR_PATH}/Podfile.lock",
				"${PODS_ROOT}/Manifest.lock",
			);
			name = "[CP] Check Pods Manifest.lock";
			outputFileListPaths = (
			);
			outputPaths = (
				"$(DERIVED_FILE_DIR)/Pods-gourmet-iosTests-checkManifestLockResult.txt",
			);
			runOnlyForDeploymentPostprocessing = 0;
			shellPath = /bin/sh;
			shellScript = "diff \"${PODS_PODFILE_DIR_PATH}/Podfile.lock\" \"${PODS_ROOT}/Manifest.lock\" > /dev/null\nif [ $? != 0 ] ; then\n    # print error to STDERR\n    echo \"error: The sandbox is not in sync with the Podfile.lock. Run 'pod install' or update your CocoaPods installation.\" >&2\n    exit 1\nfi\n# This output is used by Xcode 'outputs' to avoid re-running this script phase.\necho \"SUCCESS\" > \"${SCRIPT_OUTPUT_FILE_0}\"\n";
			showEnvVarsInLog = 0;
		};
		B20D9BB52548F3EA8722AEC0 /* [CP] Copy Pods Resources */ = {
			isa = PBXShellScriptBuildPhase;
			buildActionMask = 2147483647;
			files = (
			);
			inputFileListPaths = (
			);
			name = "[CP] Copy Pods Resources";
			outputFileListPaths = (
			);
			runOnlyForDeploymentPostprocessing = 0;
			shellPath = /bin/sh;
			shellScript = "\"${PODS_ROOT}/Target Support Files/Pods-gourmet-ios-gourmet-iosUITests/Pods-gourmet-ios-gourmet-iosUITests-resources.sh\"\n";
			showEnvVarsInLog = 0;
		};
/* End PBXShellScriptBuildPhase section */

/* Begin PBXSourcesBuildPhase section */
		A8E2ECF32D98E75B00A3A7C5 /* Sources */ = {
			isa = PBXSourcesBuildPhase;
			buildActionMask = 2147483647;
			files = (
				A846E82F2D9AD2EC000E03DA /* AppDelegate.swift in Sources */,
				A846E8302D9AD2EC000E03DA /* CommunityViewController.swift in Sources */,
				A846E8312D9AD2EC000E03DA /* CustomTabBar.swift in Sources */,
				A846E8322D9AD2EC000E03DA /* DietViewController.swift in Sources */,
				A846E8332D9AD2EC000E03DA /* FoodViewController.swift in Sources */,
				A846E8342D9AD2EC000E03DA /* MenuDetailViewController.swift in Sources */,
				A846E8352D9AD2EC000E03DA /* NavigationBarView.swift in Sources */,
				A846E8362D9AD2EC000E03DA /* SceneDelegate.swift in Sources */,
				A846E8372D9AD2EC000E03DA /* SideMenuContainerViewController.swift in Sources */,
				A846E8382D9AD2EC000E03DA /* SideMenuViewController.swift in Sources */,
				A846E8392D9AD2EC000E03DA /* TabBarController.swift in Sources */,
				A846E83A2D9AD2EC000E03DA /* ViewController.swift in Sources */,
			);
			runOnlyForDeploymentPostprocessing = 0;
		};
		A8E2ED092D98E75D00A3A7C5 /* Sources */ = {
			isa = PBXSourcesBuildPhase;
			buildActionMask = 2147483647;
			files = (
			);
			runOnlyForDeploymentPostprocessing = 0;
		};
		A8E2ED132D98E75D00A3A7C5 /* Sources */ = {
			isa = PBXSourcesBuildPhase;
			buildActionMask = 2147483647;
			files = (
			);
			runOnlyForDeploymentPostprocessing = 0;
		};
/* End PBXSourcesBuildPhase section */

/* Begin PBXTargetDependency section */
		A8E2ED0F2D98E75D00A3A7C5 /* PBXTargetDependency */ = {
			isa = PBXTargetDependency;
			target = A8E2ECF62D98E75B00A3A7C5 /* gourmet-ios */;
			targetProxy = A8E2ED0E2D98E75D00A3A7C5 /* PBXContainerItemProxy */;
		};
		A8E2ED192D98E75D00A3A7C5 /* PBXTargetDependency */ = {
			isa = PBXTargetDependency;
			target = A8E2ECF62D98E75B00A3A7C5 /* gourmet-ios */;
			targetProxy = A8E2ED182D98E75D00A3A7C5 /* PBXContainerItemProxy */;
		};
/* End PBXTargetDependency section */

/* Begin PBXVariantGroup section */
		A846E8242D9AD2EC000E03DA /* LaunchScreen.storyboard */ = {
			isa = PBXVariantGroup;
			children = (
				A846E8232D9AD2EC000E03DA /* Base */,
			);
			name = LaunchScreen.storyboard;
			sourceTree = "<group>";
		};
		A846E8262D9AD2EC000E03DA /* Main.storyboard */ = {
			isa = PBXVariantGroup;
			children = (
				A846E8252D9AD2EC000E03DA /* Base */,
			);
			name = Main.storyboard;
			sourceTree = "<group>";
		};
/* End PBXVariantGroup section */

/* Begin XCBuildConfiguration section */
		A8E2ED212D98E75D00A3A7C5 /* Debug */ = {
			isa = XCBuildConfiguration;
			baseConfigurationReference = 653395DA3EC0679E20E8EE89 /* Pods-gourmet-ios.debug.xcconfig */;
			buildSettings = {
				ASSETCATALOG_COMPILER_APPICON_NAME = AppIcon;
				ASSETCATALOG_COMPILER_GLOBAL_ACCENT_COLOR_NAME = AccentColor;
				CODE_SIGN_STYLE = Automatic;
				CURRENT_PROJECT_VERSION = 1;
				DEVELOPMENT_TEAM = X5A235B5PH;
				GENERATE_INFOPLIST_FILE = YES;
				INFOPLIST_FILE = "gourmet-ios/Info.plist";
				INFOPLIST_KEY_UIApplicationSupportsIndirectInputEvents = YES;
				INFOPLIST_KEY_UILaunchStoryboardName = LaunchScreen;
				INFOPLIST_KEY_UIMainStoryboardFile = Main;
				INFOPLIST_KEY_UISupportedInterfaceOrientations_iPad = "UIInterfaceOrientationPortrait UIInterfaceOrientationPortraitUpsideDown UIInterfaceOrientationLandscapeLeft UIInterfaceOrientationLandscapeRight";
				INFOPLIST_KEY_UISupportedInterfaceOrientations_iPhone = "UIInterfaceOrientationPortrait UIInterfaceOrientationLandscapeLeft UIInterfaceOrientationLandscapeRight";
				LD_RUNPATH_SEARCH_PATHS = (
					"$(inherited)",
					"@executable_path/Frameworks",
				);
				MARKETING_VERSION = 1.0;
				PRODUCT_BUNDLE_IDENTIFIER = "com.abin.gourmet-ios";
				PRODUCT_NAME = "$(TARGET_NAME)";
				SWIFT_EMIT_LOC_STRINGS = YES;
				SWIFT_VERSION = 5.0;
				TARGETED_DEVICE_FAMILY = "1,2";
			};
			name = Debug;
		};
		A8E2ED222D98E75D00A3A7C5 /* Release */ = {
			isa = XCBuildConfiguration;
			baseConfigurationReference = C9E8093B2968AFABA5C9969F /* Pods-gourmet-ios.release.xcconfig */;
			buildSettings = {
				ASSETCATALOG_COMPILER_APPICON_NAME = AppIcon;
				ASSETCATALOG_COMPILER_GLOBAL_ACCENT_COLOR_NAME = AccentColor;
				CODE_SIGN_STYLE = Automatic;
				CURRENT_PROJECT_VERSION = 1;
				DEVELOPMENT_TEAM = X5A235B5PH;
				GENERATE_INFOPLIST_FILE = YES;
				INFOPLIST_FILE = "gourmet-ios/Info.plist";
				INFOPLIST_KEY_UIApplicationSupportsIndirectInputEvents = YES;
				INFOPLIST_KEY_UILaunchStoryboardName = LaunchScreen;
				INFOPLIST_KEY_UIMainStoryboardFile = Main;
				INFOPLIST_KEY_UISupportedInterfaceOrientations_iPad = "UIInterfaceOrientationPortrait UIInterfaceOrientationPortraitUpsideDown UIInterfaceOrientationLandscapeLeft UIInterfaceOrientationLandscapeRight";
				INFOPLIST_KEY_UISupportedInterfaceOrientations_iPhone = "UIInterfaceOrientationPortrait UIInterfaceOrientationLandscapeLeft UIInterfaceOrientationLandscapeRight";
				LD_RUNPATH_SEARCH_PATHS = (
					"$(inherited)",
					"@executable_path/Frameworks",
				);
				MARKETING_VERSION = 1.0;
				PRODUCT_BUNDLE_IDENTIFIER = "com.abin.gourmet-ios";
				PRODUCT_NAME = "$(TARGET_NAME)";
				SWIFT_EMIT_LOC_STRINGS = YES;
				SWIFT_VERSION = 5.0;
				TARGETED_DEVICE_FAMILY = "1,2";
			};
			name = Release;
		};
		A8E2ED232D98E75D00A3A7C5 /* Debug */ = {
			isa = XCBuildConfiguration;
			buildSettings = {
				ALWAYS_SEARCH_USER_PATHS = NO;
				ASSETCATALOG_COMPILER_GENERATE_SWIFT_ASSET_SYMBOL_EXTENSIONS = YES;
				CLANG_ANALYZER_NONNULL = YES;
				CLANG_ANALYZER_NUMBER_OBJECT_CONVERSION = YES_AGGRESSIVE;
				CLANG_CXX_LANGUAGE_STANDARD = "gnu++20";
				CLANG_ENABLE_MODULES = YES;
				CLANG_ENABLE_OBJC_ARC = YES;
				CLANG_ENABLE_OBJC_WEAK = YES;
				CLANG_WARN_BLOCK_CAPTURE_AUTORELEASING = YES;
				CLANG_WARN_BOOL_CONVERSION = YES;
				CLANG_WARN_COMMA = YES;
				CLANG_WARN_CONSTANT_CONVERSION = YES;
				CLANG_WARN_DEPRECATED_OBJC_IMPLEMENTATIONS = YES;
				CLANG_WARN_DIRECT_OBJC_ISA_USAGE = YES_ERROR;
				CLANG_WARN_DOCUMENTATION_COMMENTS = YES;
				CLANG_WARN_EMPTY_BODY = YES;
				CLANG_WARN_ENUM_CONVERSION = YES;
				CLANG_WARN_INFINITE_RECURSION = YES;
				CLANG_WARN_INT_CONVERSION = YES;
				CLANG_WARN_NON_LITERAL_NULL_CONVERSION = YES;
				CLANG_WARN_OBJC_IMPLICIT_RETAIN_SELF = YES;
				CLANG_WARN_OBJC_LITERAL_CONVERSION = YES;
				CLANG_WARN_OBJC_ROOT_CLASS = YES_ERROR;
				CLANG_WARN_QUOTED_INCLUDE_IN_FRAMEWORK_HEADER = YES;
				CLANG_WARN_RANGE_LOOP_ANALYSIS = YES;
				CLANG_WARN_STRICT_PROTOTYPES = YES;
				CLANG_WARN_SUSPICIOUS_MOVE = YES;
				CLANG_WARN_UNGUARDED_AVAILABILITY = YES_AGGRESSIVE;
				CLANG_WARN_UNREACHABLE_CODE = YES;
				CLANG_WARN__DUPLICATE_METHOD_MATCH = YES;
				COPY_PHASE_STRIP = NO;
				DEBUG_INFORMATION_FORMAT = dwarf;
				ENABLE_STRICT_OBJC_MSGSEND = YES;
				ENABLE_TESTABILITY = YES;
				ENABLE_USER_SCRIPT_SANDBOXING = NO;
				GCC_C_LANGUAGE_STANDARD = gnu17;
				GCC_DYNAMIC_NO_PIC = NO;
				GCC_NO_COMMON_BLOCKS = YES;
				GCC_OPTIMIZATION_LEVEL = 0;
				GCC_PREPROCESSOR_DEFINITIONS = (
					"DEBUG=1",
					"$(inherited)",
				);
				GCC_WARN_64_TO_32_BIT_CONVERSION = YES;
				GCC_WARN_ABOUT_RETURN_TYPE = YES_ERROR;
				GCC_WARN_UNDECLARED_SELECTOR = YES;
				GCC_WARN_UNINITIALIZED_AUTOS = YES_AGGRESSIVE;
				GCC_WARN_UNUSED_FUNCTION = YES;
				GCC_WARN_UNUSED_VARIABLE = YES;
				IPHONEOS_DEPLOYMENT_TARGET = 18.1;
				LOCALIZATION_PREFERS_STRING_CATALOGS = YES;
				MTL_ENABLE_DEBUG_INFO = INCLUDE_SOURCE;
				MTL_FAST_MATH = YES;
				ONLY_ACTIVE_ARCH = YES;
				SDKROOT = iphoneos;
				SWIFT_ACTIVE_COMPILATION_CONDITIONS = "DEBUG $(inherited)";
				SWIFT_OPTIMIZATION_LEVEL = "-Onone";
			};
			name = Debug;
		};
		A8E2ED242D98E75D00A3A7C5 /* Release */ = {
			isa = XCBuildConfiguration;
			buildSettings = {
				ALWAYS_SEARCH_USER_PATHS = NO;
				ASSETCATALOG_COMPILER_GENERATE_SWIFT_ASSET_SYMBOL_EXTENSIONS = YES;
				CLANG_ANALYZER_NONNULL = YES;
				CLANG_ANALYZER_NUMBER_OBJECT_CONVERSION = YES_AGGRESSIVE;
				CLANG_CXX_LANGUAGE_STANDARD = "gnu++20";
				CLANG_ENABLE_MODULES = YES;
				CLANG_ENABLE_OBJC_ARC = YES;
				CLANG_ENABLE_OBJC_WEAK = YES;
				CLANG_WARN_BLOCK_CAPTURE_AUTORELEASING = YES;
				CLANG_WARN_BOOL_CONVERSION = YES;
				CLANG_WARN_COMMA = YES;
				CLANG_WARN_CONSTANT_CONVERSION = YES;
				CLANG_WARN_DEPRECATED_OBJC_IMPLEMENTATIONS = YES;
				CLANG_WARN_DIRECT_OBJC_ISA_USAGE = YES_ERROR;
				CLANG_WARN_DOCUMENTATION_COMMENTS = YES;
				CLANG_WARN_EMPTY_BODY = YES;
				CLANG_WARN_ENUM_CONVERSION = YES;
				CLANG_WARN_INFINITE_RECURSION = YES;
				CLANG_WARN_INT_CONVERSION = YES;
				CLANG_WARN_NON_LITERAL_NULL_CONVERSION = YES;
				CLANG_WARN_OBJC_IMPLICIT_RETAIN_SELF = YES;
				CLANG_WARN_OBJC_LITERAL_CONVERSION = YES;
				CLANG_WARN_OBJC_ROOT_CLASS = YES_ERROR;
				CLANG_WARN_QUOTED_INCLUDE_IN_FRAMEWORK_HEADER = YES;
				CLANG_WARN_RANGE_LOOP_ANALYSIS = YES;
				CLANG_WARN_STRICT_PROTOTYPES = YES;
				CLANG_WARN_SUSPICIOUS_MOVE = YES;
				CLANG_WARN_UNGUARDED_AVAILABILITY = YES_AGGRESSIVE;
				CLANG_WARN_UNREACHABLE_CODE = YES;
				CLANG_WARN__DUPLICATE_METHOD_MATCH = YES;
				COPY_PHASE_STRIP = NO;
				DEBUG_INFORMATION_FORMAT = "dwarf-with-dsym";
				ENABLE_NS_ASSERTIONS = NO;
				ENABLE_STRICT_OBJC_MSGSEND = YES;
				ENABLE_USER_SCRIPT_SANDBOXING = NO;
				GCC_C_LANGUAGE_STANDARD = gnu17;
				GCC_NO_COMMON_BLOCKS = YES;
				GCC_WARN_64_TO_32_BIT_CONVERSION = YES;
				GCC_WARN_ABOUT_RETURN_TYPE = YES_ERROR;
				GCC_WARN_UNDECLARED_SELECTOR = YES;
				GCC_WARN_UNINITIALIZED_AUTOS = YES_AGGRESSIVE;
				GCC_WARN_UNUSED_FUNCTION = YES;
				GCC_WARN_UNUSED_VARIABLE = YES;
				IPHONEOS_DEPLOYMENT_TARGET = 18.1;
				LOCALIZATION_PREFERS_STRING_CATALOGS = YES;
				MTL_ENABLE_DEBUG_INFO = NO;
				MTL_FAST_MATH = YES;
				SDKROOT = iphoneos;
				SWIFT_COMPILATION_MODE = wholemodule;
				VALIDATE_PRODUCT = YES;
			};
			name = Release;
		};
		A8E2ED262D98E75D00A3A7C5 /* Debug */ = {
			isa = XCBuildConfiguration;
			baseConfigurationReference = 2A80B2C87EA7FA3A4C7EC6DF /* Pods-gourmet-iosTests.debug.xcconfig */;
			buildSettings = {
				BUNDLE_LOADER = "$(TEST_HOST)";
				CODE_SIGN_STYLE = Automatic;
				CURRENT_PROJECT_VERSION = 1;
				DEVELOPMENT_TEAM = X5A235B5PH;
				GENERATE_INFOPLIST_FILE = YES;
				IPHONEOS_DEPLOYMENT_TARGET = 18.1;
				MARKETING_VERSION = 1.0;
				PRODUCT_BUNDLE_IDENTIFIER = "com.abin.gourmet-iosTests";
				PRODUCT_NAME = "$(TARGET_NAME)";
				SWIFT_EMIT_LOC_STRINGS = NO;
				SWIFT_VERSION = 5.0;
				TARGETED_DEVICE_FAMILY = "1,2";
				TEST_HOST = "$(BUILT_PRODUCTS_DIR)/gourmet-ios.app/$(BUNDLE_EXECUTABLE_FOLDER_PATH)/gourmet-ios";
			};
			name = Debug;
		};
		A8E2ED272D98E75D00A3A7C5 /* Release */ = {
			isa = XCBuildConfiguration;
			baseConfigurationReference = 0AA48ECBF2EE2BBA446F4F54 /* Pods-gourmet-iosTests.release.xcconfig */;
			buildSettings = {
				BUNDLE_LOADER = "$(TEST_HOST)";
				CODE_SIGN_STYLE = Automatic;
				CURRENT_PROJECT_VERSION = 1;
				DEVELOPMENT_TEAM = X5A235B5PH;
				GENERATE_INFOPLIST_FILE = YES;
				IPHONEOS_DEPLOYMENT_TARGET = 18.1;
				MARKETING_VERSION = 1.0;
				PRODUCT_BUNDLE_IDENTIFIER = "com.abin.gourmet-iosTests";
				PRODUCT_NAME = "$(TARGET_NAME)";
				SWIFT_EMIT_LOC_STRINGS = NO;
				SWIFT_VERSION = 5.0;
				TARGETED_DEVICE_FAMILY = "1,2";
				TEST_HOST = "$(BUILT_PRODUCTS_DIR)/gourmet-ios.app/$(BUNDLE_EXECUTABLE_FOLDER_PATH)/gourmet-ios";
			};
			name = Release;
		};
		A8E2ED292D98E75D00A3A7C5 /* Debug */ = {
			isa = XCBuildConfiguration;
			baseConfigurationReference = 1219D34CE54CE5555ABE82EE /* Pods-gourmet-ios-gourmet-iosUITests.debug.xcconfig */;
			buildSettings = {
				CODE_SIGN_STYLE = Automatic;
				CURRENT_PROJECT_VERSION = 1;
				DEVELOPMENT_TEAM = X5A235B5PH;
				GENERATE_INFOPLIST_FILE = YES;
				MARKETING_VERSION = 1.0;
				PRODUCT_BUNDLE_IDENTIFIER = "com.abin.gourmet-iosUITests";
				PRODUCT_NAME = "$(TARGET_NAME)";
				SWIFT_EMIT_LOC_STRINGS = NO;
				SWIFT_VERSION = 5.0;
				TARGETED_DEVICE_FAMILY = "1,2";
				TEST_TARGET_NAME = "gourmet-ios";
			};
			name = Debug;
		};
		A8E2ED2A2D98E75D00A3A7C5 /* Release */ = {
			isa = XCBuildConfiguration;
			baseConfigurationReference = A02880C439C5CDB28C95F8A6 /* Pods-gourmet-ios-gourmet-iosUITests.release.xcconfig */;
			buildSettings = {
				CODE_SIGN_STYLE = Automatic;
				CURRENT_PROJECT_VERSION = 1;
				DEVELOPMENT_TEAM = X5A235B5PH;
				GENERATE_INFOPLIST_FILE = YES;
				MARKETING_VERSION = 1.0;
				PRODUCT_BUNDLE_IDENTIFIER = "com.abin.gourmet-iosUITests";
				PRODUCT_NAME = "$(TARGET_NAME)";
				SWIFT_EMIT_LOC_STRINGS = NO;
				SWIFT_VERSION = 5.0;
				TARGETED_DEVICE_FAMILY = "1,2";
				TEST_TARGET_NAME = "gourmet-ios";
			};
			name = Release;
		};
/* End XCBuildConfiguration section */

/* Begin XCConfigurationList section */
		A8E2ECF22D98E75B00A3A7C5 /* Build configuration list for PBXProject "gourmet-ios" */ = {
			isa = XCConfigurationList;
			buildConfigurations = (
				A8E2ED232D98E75D00A3A7C5 /* Debug */,
				A8E2ED242D98E75D00A3A7C5 /* Release */,
			);
			defaultConfigurationIsVisible = 0;
			defaultConfigurationName = Release;
		};
		A8E2ED202D98E75D00A3A7C5 /* Build configuration list for PBXNativeTarget "gourmet-ios" */ = {
			isa = XCConfigurationList;
			buildConfigurations = (
				A8E2ED212D98E75D00A3A7C5 /* Debug */,
				A8E2ED222D98E75D00A3A7C5 /* Release */,
			);
			defaultConfigurationIsVisible = 0;
			defaultConfigurationName = Release;
		};
		A8E2ED252D98E75D00A3A7C5 /* Build configuration list for PBXNativeTarget "gourmet-iosTests" */ = {
			isa = XCConfigurationList;
			buildConfigurations = (
				A8E2ED262D98E75D00A3A7C5 /* Debug */,
				A8E2ED272D98E75D00A3A7C5 /* Release */,
			);
			defaultConfigurationIsVisible = 0;
			defaultConfigurationName = Release;
		};
		A8E2ED282D98E75D00A3A7C5 /* Build configuration list for PBXNativeTarget "gourmet-iosUITests" */ = {
			isa = XCConfigurationList;
			buildConfigurations = (
				A8E2ED292D98E75D00A3A7C5 /* Debug */,
				A8E2ED2A2D98E75D00A3A7C5 /* Release */,
			);
			defaultConfigurationIsVisible = 0;
			defaultConfigurationName = Release;
		};
/* End XCConfigurationList section */
	};
	rootObject = A8E2ECEF2D98E75B00A3A7C5 /* Project object */;
}
